
Microsoft Visual Studio Solution File, Format Version 12.00
# Visual Studio Version 17
VisualStudioVersion = 17.4.33213.308
MinimumVisualStudioVersion = 10.0.40219.1
Project("{8BC9CEB8-8B4A-11D0-8D11-00A0C91BC942}") = "Intercept", "Intercept\Intercept.vcxproj", "{BFFBC3F7-3A3E-4E83-AB0A-026D1EA2B4E3}"
EndProject
Project("{8BC9CEB8-8B4A-11D0-8D11-00A0C91BC942}") = "Bresenham_line_drawing", "Bresenham_line_drawing\Bresenham_line_drawing.vcxproj", "{62ADFB9D-22A1-4DDB-A8B3-0DC9689D2807}"
EndProject
Project("{8BC9CEB8-8B4A-11D0-8D11-00A0C91BC942}") = "Shared_library", "Shared_library\Shared_library.vcxitems", "{5AD8D37B-6419-4CD5-9072-BDD83BE07D20}"
EndProject
Project("{8BC9CEB8-8B4A-11D0-8D11-00A0C91BC942}") = "Steering", "Steering\Steering.vcxproj", "{36420684-5E87-440C-9800-2148B47C30BE}"
EndProject
Project("{8BC9CEB8-8B4A-11D0-8D11-00A0C91BC942}") = "Pattern", "Pattern\Pattern.vcxproj", "{BFB29798-98A6-47D9-AF79-3B6E3B21CBB9}"
EndProject
Project("{8BC9CEB8-8B4A-11D0-8D11-00A0C91BC942}") = "PatternPhysics", "PatternPhysics\PatternPhysics.vcxproj", "{8ECA673C-E11D-4E97-94B3-A66C5C95F419}"
EndProject
Project("{8BC9CEB8-8B4A-11D0-8D11-00A0C91BC942}") = "Flocking", "Flocking\Flocking.vcxproj", "{E0FCD22D-CD62-4C99-9185-25228FFCE4BB}"
EndProject
Global
	GlobalSection(SolutionConfigurationPlatforms) = preSolution
		Debug|x64 = Debug|x64
		Debug|x86 = Debug|x86
		Release|x64 = Release|x64
		Release|x86 = Release|x86
	EndGlobalSection
	GlobalSection(ProjectConfigurationPlatforms) = postSolution
		{BFFBC3F7-3A3E-4E83-AB0A-026D1EA2B4E3}.Debug|x64.ActiveCfg = Debug|x64
		{BFFBC3F7-3A3E-4E83-AB0A-026D1EA2B4E3}.Debug|x64.Build.0 = Debug|x64
		{BFFBC3F7-3A3E-4E83-AB0A-026D1EA2B4E3}.Debug|x86.ActiveCfg = Debug|Win32
		{BFFBC3F7-3A3E-4E83-AB0A-026D1EA2B4E3}.Debug|x86.Build.0 = Debug|Win32
		{BFFBC3F7-3A3E-4E83-AB0A-026D1EA2B4E3}.Release|x64.ActiveCfg = Release|x64
		{BFFBC3F7-3A3E-4E83-AB0A-026D1EA2B4E3}.Release|x64.Build.0 = Release|x64
		{BFFBC3F7-3A3E-4E83-AB0A-026D1EA2B4E3}.Release|x86.ActiveCfg = Release|Win32
		{BFFBC3F7-3A3E-4E83-AB0A-026D1EA2B4E3}.Release|x86.Build.0 = Release|Win32
		{62ADFB9D-22A1-4DDB-A8B3-0DC9689D2807}.Debug|x64.ActiveCfg = Debug|x64
		{62ADFB9D-22A1-4DDB-A8B3-0DC9689D2807}.Debug|x64.Build.0 = Debug|x64
		{62ADFB9D-22A1-4DDB-A8B3-0DC9689D2807}.Debug|x86.ActiveCfg = Debug|Win32
		{62ADFB9D-22A1-4DDB-A8B3-0DC9689D2807}.Debug|x86.Build.0 = Debug|Win32
		{62ADFB9D-22A1-4DDB-A8B3-0DC9689D2807}.Release|x64.ActiveCfg = Release|x64
		{62ADFB9D-22A1-4DDB-A8B3-0DC9689D2807}.Release|x64.Build.0 = Release|x64
		{62ADFB9D-22A1-4DDB-A8B3-0DC9689D2807}.Release|x86.ActiveCfg = Release|Win32
		{62ADFB9D-22A1-4DDB-A8B3-0DC9689D2807}.Release|x86.Build.0 = Release|Win32
		{36420684-5E87-440C-9800-2148B47C30BE}.Debug|x64.ActiveCfg = Debug|x64
		{36420684-5E87-440C-9800-2148B47C30BE}.Debug|x64.Build.0 = Debug|x64
		{36420684-5E87-440C-9800-2148B47C30BE}.Debug|x86.ActiveCfg = Debug|Win32
		{36420684-5E87-440C-9800-2148B47C30BE}.Debug|x86.Build.0 = Debug|Win32
		{36420684-5E87-440C-9800-2148B47C30BE}.Release|x64.ActiveCfg = Release|x64
		{36420684-5E87-440C-9800-2148B47C30BE}.Release|x64.Build.0 = Release|x64
		{36420684-5E87-440C-9800-2148B47C30BE}.Release|x86.ActiveCfg = Release|Win32
		{36420684-5E87-440C-9800-2148B47C30BE}.Release|x86.Build.0 = Release|Win32
		{BFB29798-98A6-47D9-AF79-3B6E3B21CBB9}.Debug|x64.ActiveCfg = Debug|x64
		{BFB29798-98A6-47D9-AF79-3B6E3B21CBB9}.Debug|x64.Build.0 = Debug|x64
		{BFB29798-98A6-47D9-AF79-3B6E3B21CBB9}.Debug|x86.ActiveCfg = Debug|Win32
		{BFB29798-98A6-47D9-AF79-3B6E3B21CBB9}.Debug|x86.Build.0 = Debug|Win32
		{BFB29798-98A6-47D9-AF79-3B6E3B21CBB9}.Release|x64.ActiveCfg = Release|x64
		{BFB29798-98A6-47D9-AF79-3B6E3B21CBB9}.Release|x64.Build.0 = Release|x64
		{BFB29798-98A6-47D9-AF79-3B6E3B21CBB9}.Release|x86.ActiveCfg = Release|Win32
		{BFB29798-98A6-47D9-AF79-3B6E3B21CBB9}.Release|x86.Build.0 = Release|Win32
		{8ECA673C-E11D-4E97-94B3-A66C5C95F419}.Debug|x64.ActiveCfg = Debug|x64
		{8ECA673C-E11D-4E97-94B3-A66C5C95F419}.Debug|x64.Build.0 = Debug|x64
		{8ECA673C-E11D-4E97-94B3-A66C5C95F419}.Debug|x86.ActiveCfg = Debug|Win32
		{8ECA673C-E11D-4E97-94B3-A66C5C95F419}.Debug|x86.Build.0 = Debug|Win32
		{8ECA673C-E11D-4E97-94B3-A66C5C95F419}.Release|x64.ActiveCfg = Release|x64
		{8ECA673C-E11D-4E97-94B3-A66C5C95F419}.Release|x64.Build.0 = Release|x64
		{8ECA673C-E11D-4E97-94B3-A66C5C95F419}.Release|x86.ActiveCfg = Release|Win32
		{8ECA673C-E11D-4E97-94B3-A66C5C95F419}.Release|x86.Build.0 = Release|Win32
		{E0FCD22D-CD62-4C99-9185-25228FFCE4BB}.Debug|x64.ActiveCfg = Debug|x64
		{E0FCD22D-CD62-4C99-9185-25228FFCE4BB}.Debug|x64.Build.0 = Debug|x64
		{E0FCD22D-CD62-4C99-9185-25228FFCE4BB}.Debug|x86.ActiveCfg = Debug|Win32
		{E0FCD22D-CD62-4C99-9185-25228FFCE4BB}.Debug|x86.Build.0 = Debug|Win32
		{E0FCD22D-CD62-4C99-9185-25228FFCE4BB}.Release|x64.ActiveCfg = Release|x64
		{E0FCD22D-CD62-4C99-9185-25228FFCE4BB}.Release|x64.Build.0 = Release|x64
		{E0FCD22D-CD62-4C99-9185-25228FFCE4BB}.Release|x86.ActiveCfg = Release|Win32
		{E0FCD22D-CD62-4C99-9185-25228FFCE4BB}.Release|x86.Build.0 = Release|Win32
	EndGlobalSection
	GlobalSection(SolutionProperties) = preSolution
		HideSolutionNode = FALSE
	EndGlobalSection
	GlobalSection(ExtensibilityGlobals) = postSolution
		SolutionGuid = {BD38989F-AFED-4D1E-A352-9AE00267BA28}
	EndGlobalSection
	GlobalSection(SharedMSBuildProjectFiles) = preSolution
		Shared_library\Shared_library.vcxitems*{36420684-5e87-440c-9800-2148b47c30be}*SharedItemsImports = 4
		Shared_library\Shared_library.vcxitems*{5ad8d37b-6419-4cd5-9072-bdd83be07d20}*SharedItemsImports = 9
		Shared_library\Shared_library.vcxitems*{62adfb9d-22a1-4ddb-a8b3-0dc9689d2807}*SharedItemsImports = 4
		Shared_library\Shared_library.vcxitems*{8eca673c-e11d-4e97-94b3-a66c5c95f419}*SharedItemsImports = 4
		Shared_library\Shared_library.vcxitems*{bfb29798-98a6-47d9-af79-3b6e3b21cbb9}*SharedItemsImports = 4
		Shared_library\Shared_library.vcxitems*{bffbc3f7-3a3e-4e83-ab0a-026d1ea2b4e3}*SharedItemsImports = 4
		Shared_library\Shared_library.vcxitems*{e0fcd22d-cd62-4c99-9185-25228ffce4bb}*SharedItemsImports = 4
	EndGlobalSection
EndGlobal
